// !$*UTF8*$!
{
	archiveVersion = 1;
	classes = {
	};
	objectVersion = 51;
	objects = {

/* Begin PBXBuildFile section */
		1A24609B7B2F435B9E658A17 /* Pods_Text_Em.framework in Frameworks */ = {isa = PBXBuildFile; fileRef = DB9771136E192606071C2839 /* Pods_Text_Em.framework */; };
		3C79EE2525AAECC7008A682C /* ChatVC.swift in Sources */ = {isa = PBXBuildFile; fileRef = 3C79EE2425AAECC7008A682C /* ChatVC.swift */; };
		3C79EE2725AAECDA008A682C /* ChannelVC.swift in Sources */ = {isa = PBXBuildFile; fileRef = 3C79EE2625AAECDA008A682C /* ChannelVC.swift */; };
		3CD09BF325AAAFBD00198A8D /* AppDelegate.swift in Sources */ = {isa = PBXBuildFile; fileRef = 3CD09BF225AAAFBD00198A8D /* AppDelegate.swift */; };
		3CD09BF825AAAFBD00198A8D /* Main.storyboard in Resources */ = {isa = PBXBuildFile; fileRef = 3CD09BF625AAAFBD00198A8D /* Main.storyboard */; };
		3CD09BFA25AAAFC100198A8D /* Assets.xcassets in Resources */ = {isa = PBXBuildFile; fileRef = 3CD09BF925AAAFC100198A8D /* Assets.xcassets */; };
		3CD09BFD25AAAFC100198A8D /* LaunchScreen.storyboard in Resources */ = {isa = PBXBuildFile; fileRef = 3CD09BFB25AAAFC100198A8D /* LaunchScreen.storyboard */; };
		3CFFA6D725AAF32B00441B19 /* SWRevealViewController.m in Sources */ = {isa = PBXBuildFile; fileRef = 3CFFA6D525AAF32B00441B19 /* SWRevealViewController.m */; };
		3CFFA6D925AAF69F00441B19 /* GradientView.swift in Sources */ = {isa = PBXBuildFile; fileRef = 3CFFA6D825AAF69F00441B19 /* GradientView.swift */; };
/* End PBXBuildFile section */

/* Begin PBXFileReference section */
		3C79EE2425AAECC7008A682C /* ChatVC.swift */ = {isa = PBXFileReference; lastKnownFileType = sourcecode.swift; path = ChatVC.swift; sourceTree = "<group>"; };
		3C79EE2625AAECDA008A682C /* ChannelVC.swift */ = {isa = PBXFileReference; lastKnownFileType = sourcecode.swift; path = ChannelVC.swift; sourceTree = "<group>"; };
		3CD09BEF25AAAFBD00198A8D /* Text-Em.app */ = {isa = PBXFileReference; explicitFileType = wrapper.application; includeInIndex = 0; path = "Text-Em.app"; sourceTree = BUILT_PRODUCTS_DIR; };
		3CD09BF225AAAFBD00198A8D /* AppDelegate.swift */ = {isa = PBXFileReference; lastKnownFileType = sourcecode.swift; path = AppDelegate.swift; sourceTree = "<group>"; };
		3CD09BF725AAAFBD00198A8D /* Base */ = {isa = PBXFileReference; lastKnownFileType = file.storyboard; name = Base; path = Base.lproj/Main.storyboard; sourceTree = "<group>"; };
		3CD09BF925AAAFC100198A8D /* Assets.xcassets */ = {isa = PBXFileReference; lastKnownFileType = folder.assetcatalog; path = Assets.xcassets; sourceTree = "<group>"; };
		3CD09BFC25AAAFC100198A8D /* Base */ = {isa = PBXFileReference; lastKnownFileType = file.storyboard; name = Base; path = Base.lproj/LaunchScreen.storyboard; sourceTree = "<group>"; };
		3CD09BFE25AAAFC100198A8D /* Info.plist */ = {isa = PBXFileReference; lastKnownFileType = text.plist.xml; path = Info.plist; sourceTree = "<group>"; };
		3CFFA6D425AAF32A00441B19 /* Text-Em-Bridging-Header.h */ = {isa = PBXFileReference; lastKnownFileType = sourcecode.c.h; path = "Text-Em-Bridging-Header.h"; sourceTree = "<group>"; };
		3CFFA6D525AAF32B00441B19 /* SWRevealViewController.m */ = {isa = PBXFileReference; fileEncoding = 4; lastKnownFileType = sourcecode.c.objc; path = SWRevealViewController.m; sourceTree = "<group>"; };
		3CFFA6D625AAF32B00441B19 /* SWRevealViewController.h */ = {isa = PBXFileReference; fileEncoding = 4; lastKnownFileType = sourcecode.c.h; path = SWRevealViewController.h; sourceTree = "<group>"; };
		3CFFA6D825AAF69F00441B19 /* GradientView.swift */ = {isa = PBXFileReference; lastKnownFileType = sourcecode.swift; path = GradientView.swift; sourceTree = "<group>"; };
		9466BE26CD439034C4A3E25F /* Pods-Text-Em.debug.xcconfig */ = {isa = PBXFileReference; includeInIndex = 1; lastKnownFileType = text.xcconfig; name = "Pods-Text-Em.debug.xcconfig"; path = "Target Support Files/Pods-Text-Em/Pods-Text-Em.debug.xcconfig"; sourceTree = "<group>"; };
		C40DEBBCCC04EA2AAF006585 /* Pods-Text-Em.release.xcconfig */ = {isa = PBXFileReference; includeInIndex = 1; lastKnownFileType = text.xcconfig; name = "Pods-Text-Em.release.xcconfig"; path = "Target Support Files/Pods-Text-Em/Pods-Text-Em.release.xcconfig"; sourceTree = "<group>"; };
		DB9771136E192606071C2839 /* Pods_Text_Em.framework */ = {isa = PBXFileReference; explicitFileType = wrapper.framework; includeInIndex = 0; path = Pods_Text_Em.framework; sourceTree = BUILT_PRODUCTS_DIR; };
/* End PBXFileReference section */

/* Begin PBXFrameworksBuildPhase section */
		3CD09BEC25AAAFBD00198A8D /* Frameworks */ = {
			isa = PBXFrameworksBuildPhase;
			buildActionMask = 2147483647;
			files = (
				1A24609B7B2F435B9E658A17 /* Pods_Text_Em.framework in Frameworks */,
			);
			runOnlyForDeploymentPostprocessing = 0;
		};
/* End PBXFrameworksBuildPhase section */

/* Begin PBXGroup section */
		1284D98B1B20F808F8C0E308 /* Pods */ = {
			isa = PBXGroup;
			children = (
				9466BE26CD439034C4A3E25F /* Pods-Text-Em.debug.xcconfig */,
				C40DEBBCCC04EA2AAF006585 /* Pods-Text-Em.release.xcconfig */,
			);
			path = Pods;
			sourceTree = "<group>";
		};
		3C79EE2125AAEC90008A682C /* Controller */ = {
			isa = PBXGroup;
			children = (
				3C79EE2425AAECC7008A682C /* ChatVC.swift */,
				3C79EE2625AAECDA008A682C /* ChannelVC.swift */,
			);
			path = Controller;
			sourceTree = "<group>";
		};
		3C79EE2225AAEC99008A682C /* View */ = {
			isa = PBXGroup;
			children = (
				3CFFA6D825AAF69F00441B19 /* GradientView.swift */,
			);
			path = View;
			sourceTree = "<group>";
		};
		3C79EE2325AAECA0008A682C /* Model */ = {
			isa = PBXGroup;
			children = (
			);
			path = Model;
			sourceTree = "<group>";
		};
		3CD09BE625AAAFBD00198A8D = {
			isa = PBXGroup;
			children = (
				3CD09BF125AAAFBD00198A8D /* Text-Em */,
				3CD09BF025AAAFBD00198A8D /* Products */,
				1284D98B1B20F808F8C0E308 /* Pods */,
				81B4896F6C88203907F454AC /* Frameworks */,
			);
			sourceTree = "<group>";
		};
		3CD09BF025AAAFBD00198A8D /* Products */ = {
			isa = PBXGroup;
			children = (
				3CD09BEF25AAAFBD00198A8D /* Text-Em.app */,
			);
			name = Products;
			sourceTree = "<group>";
		};
		3CD09BF125AAAFBD00198A8D /* Text-Em */ = {
			isa = PBXGroup;
			children = (
				3CF2E25C25AAF13A00017B1C /* Supporting Files */,
				3C79EE2325AAECA0008A682C /* Model */,
				3C79EE2225AAEC99008A682C /* View */,
				3C79EE2125AAEC90008A682C /* Controller */,
				3CD09BF225AAAFBD00198A8D /* AppDelegate.swift */,
				3CD09BF625AAAFBD00198A8D /* Main.storyboard */,
				3CD09BF925AAAFC100198A8D /* Assets.xcassets */,
				3CD09BFB25AAAFC100198A8D /* LaunchScreen.storyboard */,
				3CD09BFE25AAAFC100198A8D /* Info.plist */,
			);
			path = "Text-Em";
			sourceTree = "<group>";
		};
		3CF2E25C25AAF13A00017B1C /* Supporting Files */ = {
			isa = PBXGroup;
			children = (
				3CFFA6D625AAF32B00441B19 /* SWRevealViewController.h */,
				3CFFA6D525AAF32B00441B19 /* SWRevealViewController.m */,
				3CFFA6D425AAF32A00441B19 /* Text-Em-Bridging-Header.h */,
			);
			path = "Supporting Files";
			sourceTree = "<group>";
		};
		81B4896F6C88203907F454AC /* Frameworks */ = {
			isa = PBXGroup;
			children = (
				DB9771136E192606071C2839 /* Pods_Text_Em.framework */,
			);
			name = Frameworks;
			sourceTree = "<group>";
		};
/* End PBXGroup section */

/* Begin PBXNativeTarget section */
		3CD09BEE25AAAFBD00198A8D /* Text-Em */ = {
			isa = PBXNativeTarget;
			buildConfigurationList = 3CD09C0125AAAFC100198A8D /* Build configuration list for PBXNativeTarget "Text-Em" */;
			buildPhases = (
				8C9CB713EDD4B5A0DA8F2315 /* [CP] Check Pods Manifest.lock */,
				3CD09BEB25AAAFBD00198A8D /* Sources */,
				3CD09BEC25AAAFBD00198A8D /* Frameworks */,
				3CD09BED25AAAFBD00198A8D /* Resources */,
				EAA216F7D0E10F335841045B /* [CP] Embed Pods Frameworks */,
			);
			buildRules = (
			);
			dependencies = (
			);
			name = "Text-Em";
			productName = "Text-Em";
			productReference = 3CD09BEF25AAAFBD00198A8D /* Text-Em.app */;
			productType = "com.apple.product-type.application";
		};
/* End PBXNativeTarget section */

/* Begin PBXProject section */
		3CD09BE725AAAFBD00198A8D /* Project object */ = {
			isa = PBXProject;
			attributes = {
				LastSwiftUpdateCheck = 1000;
				LastUpgradeCheck = 1000;
				ORGANIZATIONNAME = "iOS-Apps";
				TargetAttributes = {
					3CD09BEE25AAAFBD00198A8D = {
						CreatedOnToolsVersion = 10.0;
						LastSwiftMigration = 1000;
					};
				};
			};
			buildConfigurationList = 3CD09BEA25AAAFBD00198A8D /* Build configuration list for PBXProject "Text-Em" */;
			compatibilityVersion = "Xcode 9.3";
			developmentRegion = en;
			hasScannedForEncodings = 0;
			knownRegions = (
				en,
				Base,
			);
			mainGroup = 3CD09BE625AAAFBD00198A8D;
			productRefGroup = 3CD09BF025AAAFBD00198A8D /* Products */;
			projectDirPath = "";
			projectRoot = "";
			targets = (
				3CD09BEE25AAAFBD00198A8D /* Text-Em */,
			);
		};
/* End PBXProject section */

/* Begin PBXResourcesBuildPhase section */
		3CD09BED25AAAFBD00198A8D /* Resources */ = {
			isa = PBXResourcesBuildPhase;
			buildActionMask = 2147483647;
			files = (
				3CD09BFD25AAAFC100198A8D /* LaunchScreen.storyboard in Resources */,
				3CD09BFA25AAAFC100198A8D /* Assets.xcassets in Resources */,
				3CD09BF825AAAFBD00198A8D /* Main.storyboard in Resources */,
			);
			runOnlyForDeploymentPostprocessing = 0;
		};
/* End PBXResourcesBuildPhase section */

/* Begin PBXShellScriptBuildPhase section */
		8C9CB713EDD4B5A0DA8F2315 /* [CP] Check Pods Manifest.lock */ = {
			isa = PBXShellScriptBuildPhase;
			buildActionMask = 2147483647;
			files = (
			);
			inputFileListPaths = (
			);
			inputPaths = (
				"${PODS_PODFILE_DIR_PATH}/Podfile.lock",
				"${PODS_ROOT}/Manifest.lock",
			);
			name = "[CP] Check Pods Manifest.lock";
			outputFileListPaths = (
			);
			outputPaths = (
				"$(DERIVED_FILE_DIR)/Pods-Text-Em-checkManifestLockResult.txt",
			);
			runOnlyForDeploymentPostprocessing = 0;
			shellPath = /bin/sh;
			shellScript = "diff \"${PODS_PODFILE_DIR_PATH}/Podfile.lock\" \"${PODS_ROOT}/Manifest.lock\" > /dev/null\nif [ $? != 0 ] ; then\n    # print error to STDERR\n    echo \"error: The sandbox is not in sync with the Podfile.lock. Run 'pod install' or update your CocoaPods installation.\" >&2\n    exit 1\nfi\n# This output is used by Xcode 'outputs' to avoid re-running this script phase.\necho \"SUCCESS\" > \"${SCRIPT_OUTPUT_FILE_0}\"\n";
			showEnvVarsInLog = 0;
		};
		EAA216F7D0E10F335841045B /* [CP] Embed Pods Frameworks */ = {
			isa = PBXShellScriptBuildPhase;
			buildActionMask = 2147483647;
			files = (
			);
			inputFileListPaths = (
				"${PODS_ROOT}/Target Support Files/Pods-Text-Em/Pods-Text-Em-frameworks-${CONFIGURATION}-input-files.xcfilelist",
			);
			name = "[CP] Embed Pods Frameworks";
			outputFileListPaths = (
				"${PODS_ROOT}/Target Support Files/Pods-Text-Em/Pods-Text-Em-frameworks-${CONFIGURATION}-output-files.xcfilelist",
			);
			runOnlyForDeploymentPostprocessing = 0;
			shellPath = /bin/sh;
			shellScript = "\"${PODS_ROOT}/Target Support Files/Pods-Text-Em/Pods-Text-Em-frameworks.sh\"\n";
			showEnvVarsInLog = 0;
		};
/* End PBXShellScriptBuildPhase section */

/* Begin PBXSourcesBuildPhase section */
		3CD09BEB25AAAFBD00198A8D /* Sources */ = {
			isa = PBXSourcesBuildPhase;
			buildActionMask = 2147483647;
			files = (
				3C79EE2725AAECDA008A682C /* ChannelVC.swift in Sources */,
				3C79EE2525AAECC7008A682C /* ChatVC.swift in Sources */,
				3CFFA6D925AAF69F00441B19 /* GradientView.swift in Sources */,
				3CD09BF325AAAFBD00198A8D /* AppDelegate.swift in Sources */,
				3CFFA6D725AAF32B00441B19 /* SWRevealViewController.m in Sources */,
			);
			runOnlyForDeploymentPostprocessing = 0;
		};
/* End PBXSourcesBuildPhase section */

/* Begin PBXVariantGroup section */
		3CD09BF625AAAFBD00198A8D /* Main.storyboard */ = {
			isa = PBXVariantGroup;
			children = (
				3CD09BF725AAAFBD00198A8D /* Base */,
			);
			name = Main.storyboard;
			sourceTree = "<group>";
		};
		3CD09BFB25AAAFC100198A8D /* LaunchScreen.storyboard */ = {
			isa = PBXVariantGroup;
			children = (
				3CD09BFC25AAAFC100198A8D /* Base */,
			);
			name = LaunchScreen.storyboard;
			sourceTree = "<group>";
		};
/* End PBXVariantGroup section */

/* Begin XCBuildConfiguration section */
		3CD09BFF25AAAFC100198A8D /* Debug */ = {
			isa = XCBuildConfiguration;
			buildSettings = {
				ALWAYS_SEARCH_USER_PATHS = NO;
				CLANG_ANALYZER_NONNULL = YES;
				CLANG_ANALYZER_NUMBER_OBJECT_CONVERSION = YES_AGGRESSIVE;
				CLANG_CXX_LANGUAGE_STANDARD = "gnu++14";
				CLANG_CXX_LIBRARY = "libc++";
				CLANG_ENABLE_MODULES = YES;
				CLANG_ENABLE_OBJC_ARC = YES;
				CLANG_ENABLE_OBJC_WEAK = YES;
				CLANG_WARN_BLOCK_CAPTURE_AUTORELEASING = YES;
				CLANG_WARN_BOOL_CONVERSION = YES;
				CLANG_WARN_COMMA = YES;
				CLANG_WARN_CONSTANT_CONVERSION = YES;
				CLANG_WARN_DEPRECATED_OBJC_IMPLEMENTATIONS = YES;
				CLANG_WARN_DIRECT_OBJC_ISA_USAGE = YES_ERROR;
				CLANG_WARN_DOCUMENTATION_COMMENTS = YES;
				CLANG_WARN_EMPTY_BODY = YES;
				CLANG_WARN_ENUM_CONVERSION = YES;
				CLANG_WARN_INFINITE_RECURSION = YES;
				CLANG_WARN_INT_CONVERSION = YES;
				CLANG_WARN_NON_LITERAL_NULL_CONVERSION = YES;
				CLANG_WARN_OBJC_IMPLICIT_RETAIN_SELF = YES;
				CLANG_WARN_OBJC_LITERAL_CONVERSION = YES;
				CLANG_WARN_OBJC_ROOT_CLASS = YES_ERROR;
				CLANG_WARN_RANGE_LOOP_ANALYSIS = YES;
				CLANG_WARN_STRICT_PROTOTYPES = YES;
				CLANG_WARN_SUSPICIOUS_MOVE = YES;
				CLANG_WARN_UNGUARDED_AVAILABILITY = YES_AGGRESSIVE;
				CLANG_WARN_UNREACHABLE_CODE = YES;
				CLANG_WARN__DUPLICATE_METHOD_MATCH = YES;
				CODE_SIGN_IDENTITY = "iPhone Developer";
				COPY_PHASE_STRIP = NO;
				DEBUG_INFORMATION_FORMAT = dwarf;
				ENABLE_STRICT_OBJC_MSGSEND = YES;
				ENABLE_TESTABILITY = YES;
				GCC_C_LANGUAGE_STANDARD = gnu11;
				GCC_DYNAMIC_NO_PIC = NO;
				GCC_NO_COMMON_BLOCKS = YES;
				GCC_OPTIMIZATION_LEVEL = 0;
				GCC_PREPROCESSOR_DEFINITIONS = (
					"DEBUG=1",
					"$(inherited)",
				);
				GCC_WARN_64_TO_32_BIT_CONVERSION = YES;
				GCC_WARN_ABOUT_RETURN_TYPE = YES_ERROR;
				GCC_WARN_UNDECLARED_SELECTOR = YES;
				GCC_WARN_UNINITIALIZED_AUTOS = YES_AGGRESSIVE;
				GCC_WARN_UNUSED_FUNCTION = YES;
				GCC_WARN_UNUSED_VARIABLE = YES;
				IPHONEOS_DEPLOYMENT_TARGET = 12.0;
				MTL_ENABLE_DEBUG_INFO = INCLUDE_SOURCE;
				MTL_FAST_MATH = YES;
				ONLY_ACTIVE_ARCH = YES;
				SDKROOT = iphoneos;
				SWIFT_ACTIVE_COMPILATION_CONDITIONS = DEBUG;
				SWIFT_OPTIMIZATION_LEVEL = "-Onone";
			};
			name = Debug;
		};
		3CD09C0025AAAFC100198A8D /* Release */ = {
			isa = XCBuildConfiguration;
			buildSettings = {
				ALWAYS_SEARCH_USER_PATHS = NO;
				CLANG_ANALYZER_NONNULL = YES;
				CLANG_ANALYZER_NUMBER_OBJECT_CONVERSION = YES_AGGRESSIVE;
				CLANG_CXX_LANGUAGE_STANDARD = "gnu++14";
				CLANG_CXX_LIBRARY = "libc++";
				CLANG_ENABLE_MODULES = YES;
				CLANG_ENABLE_OBJC_ARC = YES;
				CLANG_ENABLE_OBJC_WEAK = YES;
				CLANG_WARN_BLOCK_CAPTURE_AUTORELEASING = YES;
				CLANG_WARN_BOOL_CONVERSION = YES;
				CLANG_WARN_COMMA = YES;
				CLANG_WARN_CONSTANT_CONVERSION = YES;
				CLANG_WARN_DEPRECATED_OBJC_IMPLEMENTATIONS = YES;
				CLANG_WARN_DIRECT_OBJC_ISA_USAGE = YES_ERROR;
				CLANG_WARN_DOCUMENTATION_COMMENTS = YES;
				CLANG_WARN_EMPTY_BODY = YES;
				CLANG_WARN_ENUM_CONVERSION = YES;
				CLANG_WARN_INFINITE_RECURSION = YES;
				CLANG_WARN_INT_CONVERSION = YES;
				CLANG_WARN_NON_LITERAL_NULL_CONVERSION = YES;
				CLANG_WARN_OBJC_IMPLICIT_RETAIN_SELF = YES;
				CLANG_WARN_OBJC_LITERAL_CONVERSION = YES;
				CLANG_WARN_OBJC_ROOT_CLASS = YES_ERROR;
				CLANG_WARN_RANGE_LOOP_ANALYSIS = YES;
				CLANG_WARN_STRICT_PROTOTYPES = YES;
				CLANG_WARN_SUSPICIOUS_MOVE = YES;
				CLANG_WARN_UNGUARDED_AVAILABILITY = YES_AGGRESSIVE;
				CLANG_WARN_UNREACHABLE_CODE = YES;
				CLANG_WARN__DUPLICATE_METHOD_MATCH = YES;
				CODE_SIGN_IDENTITY = "iPhone Developer";
				COPY_PHASE_STRIP = NO;
				DEBUG_INFORMATION_FORMAT = "dwarf-with-dsym";
				ENABLE_NS_ASSERTIONS = NO;
				ENABLE_STRICT_OBJC_MSGSEND = YES;
				GCC_C_LANGUAGE_STANDARD = gnu11;
				GCC_NO_COMMON_BLOCKS = YES;
				GCC_WARN_64_TO_32_BIT_CONVERSION = YES;
				GCC_WARN_ABOUT_RETURN_TYPE = YES_ERROR;
				GCC_WARN_UNDECLARED_SELECTOR = YES;
				GCC_WARN_UNINITIALIZED_AUTOS = YES_AGGRESSIVE;
				GCC_WARN_UNUSED_FUNCTION = YES;
				GCC_WARN_UNUSED_VARIABLE = YES;
				IPHONEOS_DEPLOYMENT_TARGET = 12.0;
				MTL_ENABLE_DEBUG_INFO = NO;
				MTL_FAST_MATH = YES;
				SDKROOT = iphoneos;
				SWIFT_COMPILATION_MODE = wholemodule;
				SWIFT_OPTIMIZATION_LEVEL = "-O";
				VALIDATE_PRODUCT = YES;
			};
			name = Release;
		};
		3CD09C0225AAAFC100198A8D /* Debug */ = {
			isa = XCBuildConfiguration;
			baseConfigurationReference = 9466BE26CD439034C4A3E25F /* Pods-Text-Em.debug.xcconfig */;
			buildSettings = {
				ASSETCATALOG_COMPILER_APPICON_NAME = AppIcon;
				CLANG_ENABLE_MODULES = YES;
				CODE_SIGN_STYLE = Automatic;
				DEVELOPMENT_TEAM = ZUXP4M493C;
				INFOPLIST_FILE = "Text-Em/Info.plist";
				LD_RUNPATH_SEARCH_PATHS = (
					"$(inherited)",
					"@executable_path/Frameworks",
				);
				PRODUCT_BUNDLE_IDENTIFIER = "com.appworld.Text-Em";
				PRODUCT_NAME = "$(TARGET_NAME)";
				SWIFT_OBJC_BRIDGING_HEADER = "Text-Em/Supporting Files/Text-Em-Bridging-Header.h";
				SWIFT_OPTIMIZATION_LEVEL = "-Onone";
				SWIFT_VERSION = 4.2;
				TARGETED_DEVICE_FAMILY = "1,2";
			};
			name = Debug;
		};
		3CD09C0325AAAFC100198A8D /* Release */ = {
			isa = XCBuildConfiguration;
			baseConfigurationReference = C40DEBBCCC04EA2AAF006585 /* Pods-Text-Em.release.xcconfig */;
			buildSettings = {
				ASSETCATALOG_COMPILER_APPICON_NAME = AppIcon;
				CLANG_ENABLE_MODULES = YES;
				CODE_SIGN_STYLE = Automatic;
				DEVELOPMENT_TEAM = ZUXP4M493C;
				INFOPLIST_FILE = "Text-Em/Info.plist";
				LD_RUNPATH_SEARCH_PATHS = (
					"$(inherited)",
					"@executable_path/Frameworks",
				);
				PRODUCT_BUNDLE_IDENTIFIER = "com.appworld.Text-Em";
				PRODUCT_NAME = "$(TARGET_NAME)";
				SWIFT_OBJC_BRIDGING_HEADER = "Text-Em/Supporting Files/Text-Em-Bridging-Header.h";
				SWIFT_VERSION = 4.2;
				TARGETED_DEVICE_FAMILY = "1,2";
			};
			name = Release;
		};
/* End XCBuildConfiguration section */

/* Begin XCConfigurationList section */
		3CD09BEA25AAAFBD00198A8D /* Build configuration list for PBXProject "Text-Em" */ = {
			isa = XCConfigurationList;
			buildConfigurations = (
				3CD09BFF25AAAFC100198A8D /* Debug */,
				3CD09C0025AAAFC100198A8D /* Release */,
			);
			defaultConfigurationIsVisible = 0;
			defaultConfigurationName = Release;
		};
		3CD09C0125AAAFC100198A8D /* Build configuration list for PBXNativeTarget "Text-Em" */ = {
			isa = XCConfigurationList;
			buildConfigurations = (
				3CD09C0225AAAFC100198A8D /* Debug */,
				3CD09C0325AAAFC100198A8D /* Release */,
			);
			defaultConfigurationIsVisible = 0;
			defaultConfigurationName = Release;
		};
/* End XCConfigurationList section */
	};
	rootObject = 3CD09BE725AAAFBD00198A8D /* Project object */;
}
